
Microsoft Visual Studio Solution File, Format Version 12.00
# Visual Studio Version 16
VisualStudioVersion = 16.0.31624.102
MinimumVisualStudioVersion = 10.0.40219.1
Project("{FAE04EC0-301F-11D3-BF4B-00C04F79EFBC}") = "CensorshipSupervisionLibrary", "CensorshipSupervisionLibrary\CensorshipSupervisionLibrary.csproj", "{EC1A373A-DFC3-4E09-8992-D8CA281F2120}"
EndProject
Project("{FAE04EC0-301F-11D3-BF4B-00C04F79EFBC}") = "CensorshipSupervisionLibraryTests", "CensorshipSupervisionLibraryTests\CensorshipSupervisionLibraryTests.csproj", "{756FCB25-5B31-4483-A28E-FC9EC99A0EB6}"
EndProject
Global
	GlobalSection(SolutionConfigurationPlatforms) = preSolution
		Debug|Any CPU = Debug|Any CPU
		Release|Any CPU = Release|Any CPU
	EndGlobalSection
	GlobalSection(ProjectConfigurationPlatforms) = postSolution
		{EC1A373A-DFC3-4E09-8992-D8CA281F2120}.Debug|Any CPU.ActiveCfg = Debug|Any CPU
		{EC1A373A-DFC3-4E09-8992-D8CA281F2120}.Debug|Any CPU.Build.0 = Debug|Any CPU
		{EC1A373A-DFC3-4E09-8992-D8CA281F2120}.Release|Any CPU.ActiveCfg = Release|Any CPU
		{EC1A373A-DFC3-4E09-8992-D8CA281F2120}.Release|Any CPU.Build.0 = Release|Any CPU
		{756FCB25-5B31-4483-A28E-FC9EC99A0EB6}.Debug|Any CPU.ActiveCfg = Debug|Any CPU
		{756FCB25-5B31-4483-A28E-FC9EC99A0EB6}.Debug|Any CPU.Build.0 = Debug|Any CPU
		{756FCB25-5B31-4483-A28E-FC9EC99A0EB6}.Release|Any CPU.ActiveCfg = Release|Any CPU
		{756FCB25-5B31-4483-A28E-FC9EC99A0EB6}.Release|Any CPU.Build.0 = Release|Any CPU
	EndGlobalSection
	GlobalSection(SolutionProperties) = preSolution
		HideSolutionNode = FALSE
	EndGlobalSection
	GlobalSection(ExtensibilityGlobals) = postSolution
		SolutionGuid = {C37E0CDB-496A-44FB-A121-9AFA35CD4E51}
	EndGlobalSection
EndGlobal
